
Microsoft Visual Studio Solution File, Format Version 12.00
# Visual Studio 2013
VisualStudioVersion = 12.0.30501.0
MinimumVisualStudioVersion = 10.0.40219.1
Project("{FAE04EC0-301F-11D3-BF4B-00C04F79EFBC}") = "RoslynHeapAllocations", "RoslynHeapAllocations\RoslynHeapAllocations.csproj", "{2FB771ED-DD83-4A5A-8F6F-F29A5510E912}"
EndProject
Project("{FAE04EC0-301F-11D3-BF4B-00C04F79EFBC}") = "RoslynHeapAllocations.Tests", "RoslynHeapAllocations.Tests\RoslynHeapAllocations.Tests.csproj", "{3E7566A8-F633-4E8D-B34A-E9B608942A26}"
EndProject
Project("{FAE04EC0-301F-11D3-BF4B-00C04F79EFBC}") = "RoslynHeapAllocations.VSAddin", "RoslynHeapAllocations.VSAddin\RoslynHeapAllocations.VSAddin.csproj", "{A07D76B3-B2DA-4C2D-9D82-BF66D83DD21B}"
EndProject
Project("{2150E333-8FDC-42A3-9474-1A3956D46DE8}") = "Solution Items", "Solution Items", "{7DC0B9D9-AF49-4FA1-86F2-0D881834B454}"
	ProjectSection(SolutionItems) = preProject
		.nuget\NuGet.Config = .nuget\NuGet.Config
		.nuget\NuGet.exe = .nuget\NuGet.exe
		.nuget\NuGet.targets = .nuget\NuGet.targets
	EndProjectSection
EndProject
Global
	GlobalSection(SolutionConfigurationPlatforms) = preSolution
		Debug|Any CPU = Debug|Any CPU
		Release|Any CPU = Release|Any CPU
	EndGlobalSection
	GlobalSection(ProjectConfigurationPlatforms) = postSolution
		{2FB771ED-DD83-4A5A-8F6F-F29A5510E912}.Debug|Any CPU.ActiveCfg = Debug|Any CPU
		{2FB771ED-DD83-4A5A-8F6F-F29A5510E912}.Debug|Any CPU.Build.0 = Debug|Any CPU
		{2FB771ED-DD83-4A5A-8F6F-F29A5510E912}.Release|Any CPU.ActiveCfg = Release|Any CPU
		{2FB771ED-DD83-4A5A-8F6F-F29A5510E912}.Release|Any CPU.Build.0 = Release|Any CPU
		{3E7566A8-F633-4E8D-B34A-E9B608942A26}.Debug|Any CPU.ActiveCfg = Debug|Any CPU
		{3E7566A8-F633-4E8D-B34A-E9B608942A26}.Debug|Any CPU.Build.0 = Debug|Any CPU
		{3E7566A8-F633-4E8D-B34A-E9B608942A26}.Release|Any CPU.ActiveCfg = Release|Any CPU
		{3E7566A8-F633-4E8D-B34A-E9B608942A26}.Release|Any CPU.Build.0 = Release|Any CPU
		{A07D76B3-B2DA-4C2D-9D82-BF66D83DD21B}.Debug|Any CPU.ActiveCfg = Debug|Any CPU
		{A07D76B3-B2DA-4C2D-9D82-BF66D83DD21B}.Debug|Any CPU.Build.0 = Debug|Any CPU
		{A07D76B3-B2DA-4C2D-9D82-BF66D83DD21B}.Release|Any CPU.ActiveCfg = Release|Any CPU
		{A07D76B3-B2DA-4C2D-9D82-BF66D83DD21B}.Release|Any CPU.Build.0 = Release|Any CPU
	EndGlobalSection
	GlobalSection(SolutionProperties) = preSolution
		HideSolutionNode = FALSE
	EndGlobalSection
EndGlobal
